
Microsoft Visual Studio Solution File, Format Version 12.00
# Visual Studio Version 17
VisualStudioVersion = 17.9.34723.18
MinimumVisualStudioVersion = 10.0.40219.1
Project("{FAE04EC0-301F-11D3-BF4B-00C04F79EFBC}") = "NguyenTranHuuDuc_1150080049_BTtuan8", "NguyenTranHuuDuc_1150080049_BTtuan8\NguyenTranHuuDuc_1150080049_BTtuan8.csproj", "{12328E66-D563-4C0D-A07B-73F582C83AF3}"
EndProject
Global
	GlobalSection(SolutionConfigurationPlatforms) = preSolution
		Debug|Any CPU = Debug|Any CPU
		Release|Any CPU = Release|Any CPU
	EndGlobalSection
	GlobalSection(ProjectConfigurationPlatforms) = postSolution
		{12328E66-D563-4C0D-A07B-73F582C83AF3}.Debug|Any CPU.ActiveCfg = Debug|Any CPU
		{12328E66-D563-4C0D-A07B-73F582C83AF3}.Debug|Any CPU.Build.0 = Debug|Any CPU
		{12328E66-D563-4C0D-A07B-73F582C83AF3}.Release|Any CPU.ActiveCfg = Release|Any CPU
		{12328E66-D563-4C0D-A07B-73F582C83AF3}.Release|Any CPU.Build.0 = Release|Any CPU
	EndGlobalSection
	GlobalSection(SolutionProperties) = preSolution
		HideSolutionNode = FALSE
	EndGlobalSection
	GlobalSection(ExtensibilityGlobals) = postSolution
		SolutionGuid = {678525B5-F564-4221-B619-6EA9686E8AAC}
	EndGlobalSection
EndGlobal
